{
  "lockfile_version": "1",
  "packages": {
    "ansible-lint@25.8.2": {
      "last_modified": "2025-12-09T08:49:39Z",
      "resolved": "github:NixOS/nixpkgs/677fbe97984e7af3175b6c121f3c39ee5c8d62c9#ansible-lint",
      "source": "devbox-search",
      "version": "25.8.2",
      "systems": {
        "aarch64-darwin": {
          "outputs": [
            {
              "name": "out",
              "path": "/nix/store/s0mbmwnxlvq2l7xmprynyyryrl10hph1-ansible-lint-25.8.2",
              "default": true
            },
            {
              "name": "dist",
              "path": "/nix/store/mzzh5fq5z87l1bf6i2n4nmcydbfwb0sk-ansible-lint-25.8.2-dist"
            }
          ],
          "store_path": "/nix/store/s0mbmwnxlvq2l7xmprynyyryrl10hph1-ansible-lint-25.8.2"
        },
        "aarch64-linux": {
          "outputs": [
            {
              "name": "out",
              "path": "/nix/store/dfwyllp6dggy5374n3cl1bbyvjl4xnb1-ansible-lint-25.8.2",
              "default": true
            },
            {
              "name": "dist",
              "path": "/nix/store/fpijwg3lpwksjzj9lp0djdwqkjfgclc2-ansible-lint-25.8.2-dist"
            }
          ],
          "store_path": "/nix/store/dfwyllp6dggy5374n3cl1bbyvjl4xnb1-ansible-lint-25.8.2"
        },
        "x86_64-darwin": {
          "outputs": [
            {
              "name": "out",
              "path": "/nix/store/xakl8rm934ggnbsjvad7ra2p0dfhzi2k-ansible-lint-25.8.2",
              "default": true
            },
            {
              "name": "dist",
              "path": "/nix/store/36ag80szg2mlhj1bbxi74x88idqchys5-ansible-lint-25.8.2-dist"
            }
          ],
          "store_path": "/nix/store/xakl8rm934ggnbsjvad7ra2p0dfhzi2k-ansible-lint-25.8.2"
        },
        "x86_64-linux": {
          "outputs": [
            {
              "name": "out",
              "path": "/nix/store/y1cdaqphznk83cqlknp2s56aa736q5yw-ansible-lint-25.8.2",
              "default": true
            },
            {
              "name": "dist",
              "path": "/nix/store/dp320mqs6bz17w6xanym6h6d9zz2dk9f-ansible-lint-25.8.2-dist"
            }
          ],
          "store_path": "/nix/store/y1cdaqphznk83cqlknp2s56aa736q5yw-ansible-lint-25.8.2"
        }
      }
    },
    "github:NixOS/nixpkgs/nixpkgs-unstable": {
      "last_modified": "2025-12-27T12:56:01Z",
      "resolved": "github:NixOS/nixpkgs/3edc4a30ed3903fdf6f90c837f961fa6b49582d1?lastModified=1766840161&narHash=sha256-Ss%2FLHpJJsng8vz1Pe33RSGIWUOcqM1fjrehjUkdrWio%3D"
    },
    "go-task@3.45.5": {
      "last_modified": "2025-11-23T21:50:36Z",
      "resolved": "github:NixOS/nixpkgs/ee09932cedcef15aaf476f9343d1dea2cb77e261#go-task",
      "source": "devbox-search",
      "version": "3.45.5",
      "systems": {
        "aarch64-darwin": {
          "outputs": [
            {
              "name": "out",
              "path": "/nix/store/hq2nfh8sndri3x4z4k1j9g9wk6l0kp5q-go-task-3.45.5",
              "default": true
            }
          ],
          "store_path": "/nix/store/hq2nfh8sndri3x4z4k1j9g9wk6l0kp5q-go-task-3.45.5"
        },
        "aarch64-linux": {
          "outputs": [
            {
              "name": "out",
              "path": "/nix/store/4ac3xjjbvapdifhzqn3cj012b685bysi-go-task-3.45.5",
              "default": true
            }
          ],
          "store_path": "/nix/store/4ac3xjjbvapdifhzqn3cj012b685bysi-go-task-3.45.5"
        },
        "x86_64-darwin": {
          "outputs": [
            {
              "name": "out",
              "path": "/nix/store/57gnc0hahiawf2dmiiy6z6kxmaq2a41m-go-task-3.45.5",
              "default": true
            }
          ],
          "store_path": "/nix/store/57gnc0hahiawf2dmiiy6z6kxmaq2a41m-go-task-3.45.5"
        },
        "x86_64-linux": {
          "outputs": [
            {
              "name": "out",
              "path": "/nix/store/8j7jr4fpjlmbcyb1crr8gy00z8d768vm-go-task-3.45.5",
              "default": true
            }
          ],
          "store_path": "/nix/store/8j7jr4fpjlmbcyb1crr8gy00z8d768vm-go-task-3.45.5"
        }
      }
    },
    "helm@latest": {
      "last_modified": "2025-11-23T21:50:36Z",
      "resolved": "github:NixOS/nixpkgs/ee09932cedcef15aaf476f9343d1dea2cb77e261#helm",
      "source": "devbox-search",
      "version": "0.9.0",
      "systems": {
        "aarch64-linux": {
          "outputs": [
            {
              "name": "out",
              "path": "/nix/store/343mz9hfvn1hpd64aqf7japrb7j9s0xy-helm-0.9.0",
              "default": true
            }
          ],
          "store_path": "/nix/store/343mz9hfvn1hpd64aqf7japrb7j9s0xy-helm-0.9.0"
        },
        "x86_64-linux": {
          "outputs": [
            {
              "name": "out",
              "path": "/nix/store/fh73k4pkd0sk3gan81rjspvmh9ljab75-helm-0.9.0",
              "default": true
            }
          ],
          "store_path": "/nix/store/fh73k4pkd0sk3gan81rjspvmh9ljab75-helm-0.9.0"
        }
      }
    },
    "j2cli@0.3.10": {
      "last_modified": "2025-11-23T21:50:36Z",
      "resolved": "github:NixOS/nixpkgs/ee09932cedcef15aaf476f9343d1dea2cb77e261#j2cli",
      "source": "devbox-search",
      "version": "0.3.10",
      "systems": {
        "aarch64-darwin": {
          "outputs": [
            {
              "name": "out",
              "path": "/nix/store/27aigmsnh5wvb2kwhv92dlara4kjay4q-python3.11-j2cli-0.3.10",
              "default": true
            },
            {
              "name": "dist",
              "path": "/nix/store/g46sx4kfh85pz2nd23hbi24pxb7gjpvm-python3.11-j2cli-0.3.10-dist"
            }
          ],
          "store_path": "/nix/store/27aigmsnh5wvb2kwhv92dlara4kjay4q-python3.11-j2cli-0.3.10"
        },
        "aarch64-linux": {
          "outputs": [
            {
              "name": "out",
              "path": "/nix/store/hn19grjrk1i2k0f7k53azjnqrqr6c9fv-python3.11-j2cli-0.3.10",
              "default": true
            },
            {
              "name": "dist",
              "path": "/nix/store/6fqsfislprlxjfblys7ysp20yivybg0m-python3.11-j2cli-0.3.10-dist"
            }
          ],
          "store_path": "/nix/store/hn19grjrk1i2k0f7k53azjnqrqr6c9fv-python3.11-j2cli-0.3.10"
        },
        "x86_64-darwin": {
          "outputs": [
            {
              "name": "out",
              "path": "/nix/store/sq8hpl7k2vg25a2i2hfc7abswscw7y1n-python3.11-j2cli-0.3.10",
              "default": true
            },
            {
              "name": "dist",
              "path": "/nix/store/m229v93l4lp4vssrjlbkrb2yfb7zfjwd-python3.11-j2cli-0.3.10-dist"
            }
          ],
          "store_path": "/nix/store/sq8hpl7k2vg25a2i2hfc7abswscw7y1n-python3.11-j2cli-0.3.10"
        },
        "x86_64-linux": {
          "outputs": [
            {
              "name": "out",
              "path": "/nix/store/rh2bvswafkcpl8kq79l0nv4gkcwncv18-python3.11-j2cli-0.3.10",
              "default": true
            },
            {
              "name": "dist",
              "path": "/nix/store/gzwpz0rns624a22ckjy9v2gcpklkpacw-python3.11-j2cli-0.3.10-dist"
            }
          ],
          "store_path": "/nix/store/rh2bvswafkcpl8kq79l0nv4gkcwncv18-python3.11-j2cli-0.3.10"
        }
      }
    },
    "j2lint@1.2.0": {
      "last_modified": "2025-11-23T21:50:36Z",
      "resolved": "github:NixOS/nixpkgs/ee09932cedcef15aaf476f9343d1dea2cb77e261#j2lint",
      "source": "devbox-search",
      "version": "1.2.0",
      "systems": {
        "aarch64-darwin": {
          "outputs": [
            {
              "name": "out",
              "path": "/nix/store/y0bfzfyb96pv037rrsghjyyhfsp478ny-python3.13-j2lint-1.2.0",
              "default": true
            },
            {
              "name": "dist",
              "path": "/nix/store/caglcgl4k0la66k4v3h0krramzahys84-python3.13-j2lint-1.2.0-dist"
            }
          ],
          "store_path": "/nix/store/y0bfzfyb96pv037rrsghjyyhfsp478ny-python3.13-j2lint-1.2.0"
        },
        "aarch64-linux": {
          "outputs": [
            {
              "name": "out",
              "path": "/nix/store/nj0mcfdx0gwc0al2qlm8bi2hd8xm3js3-python3.13-j2lint-1.2.0",
              "default": true
            },
            {
              "name": "dist",
              "path": "/nix/store/xwy6sga54z4xwfdwjz263h0wcd8gdhh9-python3.13-j2lint-1.2.0-dist"
            }
          ],
          "store_path": "/nix/store/nj0mcfdx0gwc0al2qlm8bi2hd8xm3js3-python3.13-j2lint-1.2.0"
        },
        "x86_64-darwin": {
          "outputs": [
            {
              "name": "out",
              "path": "/nix/store/pk42jgnnyik8iclknc4416j1x5dd6mml-python3.13-j2lint-1.2.0",
              "default": true
            },
            {
              "name": "dist",
              "path": "/nix/store/hqq1n7w8v59zrxmjlcqw3h4kv6ri2wjp-python3.13-j2lint-1.2.0-dist"
            }
          ],
          "store_path": "/nix/store/pk42jgnnyik8iclknc4416j1x5dd6mml-python3.13-j2lint-1.2.0"
        },
        "x86_64-linux": {
          "outputs": [
            {
              "name": "out",
              "path": "/nix/store/j83giv7r8w6g6w7nnxr33spwi6xd54bg-python3.13-j2lint-1.2.0",
              "default": true
            },
            {
              "name": "dist",
              "path": "/nix/store/96q4q9472v9h4nwxzd11m58mrs7acab5-python3.13-j2lint-1.2.0-dist"
            }
          ],
          "store_path": "/nix/store/j83giv7r8w6g6w7nnxr33spwi6xd54bg-python3.13-j2lint-1.2.0"
        }
      }
    },
    "k9s@latest": {
      "last_modified": "2025-11-23T21:50:36Z",
      "resolved": "github:NixOS/nixpkgs/ee09932cedcef15aaf476f9343d1dea2cb77e261#k9s",
      "source": "devbox-search",
      "version": "0.50.16",
      "systems": {
        "aarch64-darwin": {
          "outputs": [
            {
              "name": "out",
              "path": "/nix/store/7w9y9pw23xy1g6lahacdqalkflf2b713-k9s-0.50.16",
              "default": true
            }
          ],
          "store_path": "/nix/store/7w9y9pw23xy1g6lahacdqalkflf2b713-k9s-0.50.16"
        },
        "aarch64-linux": {
          "outputs": [
            {
              "name": "out",
              "path": "/nix/store/lp85svzq5n4xl3v18jmi0sga1glkbx47-k9s-0.50.16",
              "default": true
            }
          ],
          "store_path": "/nix/store/lp85svzq5n4xl3v18jmi0sga1glkbx47-k9s-0.50.16"
        },
        "x86_64-darwin": {
          "outputs": [
            {
              "name": "out",
              "path": "/nix/store/bjzs9wn700s1mkh9qmydvvr4n21xav5r-k9s-0.50.16",
              "default": true
            }
          ],
          "store_path": "/nix/store/bjzs9wn700s1mkh9qmydvvr4n21xav5r-k9s-0.50.16"
        },
        "x86_64-linux": {
          "outputs": [
            {
              "name": "out",
              "path": "/nix/store/b31w4n54rbhgzzh21xyrkag0i8ipqz2h-k9s-0.50.16",
              "default": true
            }
          ],
          "store_path": "/nix/store/b31w4n54rbhgzzh21xyrkag0i8ipqz2h-k9s-0.50.16"
        }
      }
    },
    "shellcheck@0.11.0": {
      "last_modified": "2025-11-23T21:50:36Z",
      "resolved": "github:NixOS/nixpkgs/ee09932cedcef15aaf476f9343d1dea2cb77e261#shellcheck",
      "source": "devbox-search",
      "version": "0.11.0",
      "systems": {
        "aarch64-darwin": {
          "outputs": [
            {
              "name": "bin",
              "path": "/nix/store/vrx7hilsrrlxs8q53kvsjmdyl241f7yl-shellcheck-0.11.0-bin",
              "default": true
            },
            {
              "name": "man",
              "path": "/nix/store/slk6qqcpvnp2wg0mnfsv3nls4rmzbz75-shellcheck-0.11.0-man",
              "default": true
            },
            {
              "name": "doc",
              "path": "/nix/store/61zslxgmp5h8xln3skj2a0rvkyp6233y-shellcheck-0.11.0-doc",
              "default": true
            },
            {
              "name": "out",
              "path": "/nix/store/j4wj8rsasn479lyqyph8sf2ymdczfzaz-shellcheck-0.11.0"
            }
          ],
          "store_path": "/nix/store/vrx7hilsrrlxs8q53kvsjmdyl241f7yl-shellcheck-0.11.0-bin"
        },
        "aarch64-linux": {
          "outputs": [
            {
              "name": "bin",
              "path": "/nix/store/74hb1x0347m7jhw8m4vw871b2mgnwzsg-shellcheck-0.11.0-bin",
              "default": true
            },
            {
              "name": "man",
              "path": "/nix/store/m13wrq668r07wq4v1axz7l54yi88nggv-shellcheck-0.11.0-man",
              "default": true
            },
            {
              "name": "doc",
              "path": "/nix/store/f043ck8v0nb84skir908m805mba452xx-shellcheck-0.11.0-doc",
              "default": true
            },
            {
              "name": "out",
              "path": "/nix/store/4v0470q66y8wfhmhx7lbm0klvl86gh34-shellcheck-0.11.0"
            }
          ],
          "store_path": "/nix/store/74hb1x0347m7jhw8m4vw871b2mgnwzsg-shellcheck-0.11.0-bin"
        },
        "x86_64-darwin": {
          "outputs": [
            {
              "name": "bin",
              "path": "/nix/store/3066bmzk9qb6bwbwiz4n4swh4862mpr4-shellcheck-0.11.0-bin",
              "default": true
            },
            {
              "name": "man",
              "path": "/nix/store/hdxf38j90xygbpdhji38nai5j6clkxv1-shellcheck-0.11.0-man",
              "default": true
            },
            {
              "name": "doc",
              "path": "/nix/store/jqin964qqxgcr9n9cypw657qxxik2i0y-shellcheck-0.11.0-doc",
              "default": true
            },
            {
              "name": "out",
              "path": "/nix/store/lj9hk1qkd6x520f95qzw1mgr31d94c3h-shellcheck-0.11.0"
            }
          ],
          "store_path": "/nix/store/3066bmzk9qb6bwbwiz4n4swh4862mpr4-shellcheck-0.11.0-bin"
        },
        "x86_64-linux": {
          "outputs": [
            {
              "name": "bin",
              "path": "/nix/store/7fc4qz8ny0s2m2n5gsgsqb3yn2iffk4v-shellcheck-0.11.0-bin",
              "default": true
            },
            {
              "name": "man",
              "path": "/nix/store/c7nn0m85206xwd7xhwwyi4ibf458xynb-shellcheck-0.11.0-man",
              "default": true
            },
            {
              "name": "doc",
              "path": "/nix/store/sjh9hb6mc19xi93bv9v8rkwxhj4w2n2z-shellcheck-0.11.0-doc",
              "default": true
            },
            {
              "name": "out",
              "path": "/nix/store/wbx8i6wrjdi32gj7kk5j5fq3484qyzyb-shellcheck-0.11.0"
            }
          ],
          "store_path": "/nix/store/7fc4qz8ny0s2m2n5gsgsqb3yn2iffk4v-shellcheck-0.11.0-bin"
        }
      }
    },
    "shfmt@3.12.0": {
      "last_modified": "2025-12-13T16:46:16Z",
      "resolved": "github:NixOS/nixpkgs/23735a82a828372c4ef92c660864e82fbe2f5fbe#shfmt",
      "source": "devbox-search",
      "version": "3.12.0",
      "systems": {
        "aarch64-darwin": {
          "outputs": [
            {
              "name": "out",
              "path": "/nix/store/zfwi5s74dn1ccsdj3dx3qwi40mngfkmx-shfmt-3.12.0",
              "default": true
            }
          ],
          "store_path": "/nix/store/zfwi5s74dn1ccsdj3dx3qwi40mngfkmx-shfmt-3.12.0"
        },
        "aarch64-linux": {
          "outputs": [
            {
              "name": "out",
              "path": "/nix/store/l3s1vx1xrzlm4p4mhxxwq9304zyaf68v-shfmt-3.12.0",
              "default": true
            }
          ],
          "store_path": "/nix/store/l3s1vx1xrzlm4p4mhxxwq9304zyaf68v-shfmt-3.12.0"
        },
        "x86_64-darwin": {
          "outputs": [
            {
              "name": "out",
              "path": "/nix/store/74cvsnixvisbih06bwf64i6wzjrx3jan-shfmt-3.12.0",
              "default": true
            }
          ],
          "store_path": "/nix/store/74cvsnixvisbih06bwf64i6wzjrx3jan-shfmt-3.12.0"
        },
        "x86_64-linux": {
          "outputs": [
            {
              "name": "out",
              "path": "/nix/store/qjdvvvb1kj35bxky10xd58ya5s09aaad-shfmt-3.12.0",
              "default": true
            }
          ],
          "store_path": "/nix/store/qjdvvvb1kj35bxky10xd58ya5s09aaad-shfmt-3.12.0"
        }
      }
    },
    "yamlfmt@0.20.0": {
      "last_modified": "2025-11-23T21:50:36Z",
      "resolved": "github:NixOS/nixpkgs/ee09932cedcef15aaf476f9343d1dea2cb77e261#yamlfmt",
      "source": "devbox-search",
      "version": "0.20.0",
      "systems": {
        "aarch64-darwin": {
          "outputs": [
            {
              "name": "out",
              "path": "/nix/store/369zxblq3vpn798mp3vv9w3pdda8bp72-yamlfmt-0.20.0",
              "default": true
            }
          ],
          "store_path": "/nix/store/369zxblq3vpn798mp3vv9w3pdda8bp72-yamlfmt-0.20.0"
        },
        "aarch64-linux": {
          "outputs": [
            {
              "name": "out",
              "path": "/nix/store/gk3ndkasjqd4h0zgg2v2j986sf6f9svf-yamlfmt-0.20.0",
              "default": true
            }
          ],
          "store_path": "/nix/store/gk3ndkasjqd4h0zgg2v2j986sf6f9svf-yamlfmt-0.20.0"
        },
        "x86_64-darwin": {
          "outputs": [
            {
              "name": "out",
              "path": "/nix/store/n7m6gi7j93xsxmw8vc2lhiy4dlh7q772-yamlfmt-0.20.0",
              "default": true
            }
          ],
          "store_path": "/nix/store/n7m6gi7j93xsxmw8vc2lhiy4dlh7q772-yamlfmt-0.20.0"
        },
        "x86_64-linux": {
          "outputs": [
            {
              "name": "out",
              "path": "/nix/store/xc4xbvx0jl2xhx1gl1x6xdmf9s9lsp8d-yamlfmt-0.20.0",
              "default": true
            }
          ],
          "store_path": "/nix/store/xc4xbvx0jl2xhx1gl1x6xdmf9s9lsp8d-yamlfmt-0.20.0"
        }
      }
    },
    "yamllint@1.37.1": {
      "last_modified": "2025-11-23T21:50:36Z",
      "resolved": "github:NixOS/nixpkgs/ee09932cedcef15aaf476f9343d1dea2cb77e261#yamllint",
      "source": "devbox-search",
      "version": "1.37.1",
      "systems": {
        "aarch64-darwin": {
          "outputs": [
            {
              "name": "out",
              "path": "/nix/store/wlr4gk3fcg7hkwdragab8m711p2p7cpn-python3.13-yamllint-1.37.1",
              "default": true
            },
            {
              "name": "dist",
              "path": "/nix/store/b25szjv62npp6d4ja4kg8zaj5igbybz7-python3.13-yamllint-1.37.1-dist"
            }
          ],
          "store_path": "/nix/store/wlr4gk3fcg7hkwdragab8m711p2p7cpn-python3.13-yamllint-1.37.1"
        },
        "aarch64-linux": {
          "outputs": [
            {
              "name": "out",
              "path": "/nix/store/png3qzx4ri1lsb0janbw11zk4xag6kpn-python3.13-yamllint-1.37.1",
              "default": true
            },
            {
              "name": "dist",
              "path": "/nix/store/409wlxqsscq1cjw5aw4hhxk1wrwcchkl-python3.13-yamllint-1.37.1-dist"
            }
          ],
          "store_path": "/nix/store/png3qzx4ri1lsb0janbw11zk4xag6kpn-python3.13-yamllint-1.37.1"
        },
        "x86_64-darwin": {
          "outputs": [
            {
              "name": "out",
              "path": "/nix/store/m86rk8mwlxvavv0d2k1yqavnh9iy2kp6-python3.13-yamllint-1.37.1",
              "default": true
            },
            {
              "name": "dist",
              "path": "/nix/store/myh77nwjyn3lkrxy4xy3bpa9nw1jgbll-python3.13-yamllint-1.37.1-dist"
            }
          ],
          "store_path": "/nix/store/m86rk8mwlxvavv0d2k1yqavnh9iy2kp6-python3.13-yamllint-1.37.1"
        },
        "x86_64-linux": {
          "outputs": [
            {
              "name": "out",
              "path": "/nix/store/26giqsvab90axm0l5c131kpv7dyl4a09-python3.13-yamllint-1.37.1",
              "default": true
            },
            {
              "name": "dist",
              "path": "/nix/store/kfjgy56k09d5zh3w3gx36r1nxsqfy4rq-python3.13-yamllint-1.37.1-dist"
            }
          ],
          "store_path": "/nix/store/26giqsvab90axm0l5c131kpv7dyl4a09-python3.13-yamllint-1.37.1"
        }
      }
    }
  }
}
